<?xml version="1.0" encoding="UTF-8"?>
<Scheme LastUpgradeVersion = "9999" version = "1.3">
  <BuildAction parallelizeBuildables = "YES" buildImplicitDependencies = "YES">
    <BuildActionEntries>
      <BuildActionEntry buildForTesting = "YES" buildForRunning = "YES" buildForProfiling = "YES" buildForArchiving = "YES" buildForAnalyzing = "YES">
        <BuildableReference
          BuildableIdentifier = "primary"
          BlueprintIdentifier = "______Target_C7"
          BuildableName = "libC7.dylib"
          BlueprintName = "C7"
          ReferencedContainer = "container:VaporApp.xcodeproj">
        </BuildableReference>
      </BuildActionEntry>
      <BuildActionEntry buildForTesting = "YES" buildForRunning = "YES" buildForProfiling = "YES" buildForArchiving = "YES" buildForAnalyzing = "YES">
        <BuildableReference
          BuildableIdentifier = "primary"
          BlueprintIdentifier = "______Target_S4"
          BuildableName = "libS4.dylib"
          BlueprintName = "S4"
          ReferencedContainer = "container:VaporApp.xcodeproj">
        </BuildableReference>
      </BuildActionEntry>
      <BuildActionEntry buildForTesting = "YES" buildForRunning = "YES" buildForProfiling = "YES" buildForArchiving = "YES" buildForAnalyzing = "YES">
        <BuildableReference
          BuildableIdentifier = "primary"
          BlueprintIdentifier = "______Target_String"
          BuildableName = "libString.dylib"
          BlueprintName = "String"
          ReferencedContainer = "container:VaporApp.xcodeproj">
        </BuildableReference>
      </BuildActionEntry>
      <BuildActionEntry buildForTesting = "YES" buildForRunning = "YES" buildForProfiling = "YES" buildForArchiving = "YES" buildForAnalyzing = "YES">
        <BuildableReference
          BuildableIdentifier = "primary"
          BlueprintIdentifier = "______Target_PathIndexable"
          BuildableName = "libPathIndexable.dylib"
          BlueprintName = "PathIndexable"
          ReferencedContainer = "container:VaporApp.xcodeproj">
        </BuildableReference>
      </BuildActionEntry>
      <BuildActionEntry buildForTesting = "YES" buildForRunning = "YES" buildForProfiling = "YES" buildForArchiving = "YES" buildForAnalyzing = "YES">
        <BuildableReference
          BuildableIdentifier = "primary"
          BlueprintIdentifier = "______Target_PureJSON"
          BuildableName = "libPureJSON.dylib"
          BlueprintName = "PureJSON"
          ReferencedContainer = "container:VaporApp.xcodeproj">
        </BuildableReference>
      </BuildActionEntry>
      <BuildActionEntry buildForTesting = "YES" buildForRunning = "YES" buildForProfiling = "YES" buildForArchiving = "YES" buildForAnalyzing = "YES">
        <BuildableReference
          BuildableIdentifier = "primary"
          BlueprintIdentifier = "______Target_PureJSONFoundation"
          BuildableName = "libPureJSONFoundation.dylib"
          BlueprintName = "PureJSONFoundation"
          ReferencedContainer = "container:VaporApp.xcodeproj">
        </BuildableReference>
      </BuildActionEntry>
      <BuildActionEntry buildForTesting = "YES" buildForRunning = "YES" buildForProfiling = "YES" buildForArchiving = "YES" buildForAnalyzing = "YES">
        <BuildableReference
          BuildableIdentifier = "primary"
          BlueprintIdentifier = "______Target_Strand"
          BuildableName = "libStrand.dylib"
          BlueprintName = "Strand"
          ReferencedContainer = "container:VaporApp.xcodeproj">
        </BuildableReference>
      </BuildActionEntry>
      <BuildActionEntry buildForTesting = "YES" buildForRunning = "YES" buildForProfiling = "YES" buildForArchiving = "YES" buildForAnalyzing = "YES">
        <BuildableReference
          BuildableIdentifier = "primary"
          BlueprintIdentifier = "______Target_Hummingbird"
          BuildableName = "libHummingbird.dylib"
          BlueprintName = "Hummingbird"
          ReferencedContainer = "container:VaporApp.xcodeproj">
        </BuildableReference>
      </BuildActionEntry>
      <BuildActionEntry buildForTesting = "YES" buildForRunning = "YES" buildForProfiling = "YES" buildForArchiving = "YES" buildForAnalyzing = "YES">
        <BuildableReference
          BuildableIdentifier = "primary"
          BlueprintIdentifier = "______Target_CryptoEssentials"
          BuildableName = "libCryptoEssentials.dylib"
          BlueprintName = "CryptoEssentials"
          ReferencedContainer = "container:VaporApp.xcodeproj">
        </BuildableReference>
      </BuildActionEntry>
      <BuildActionEntry buildForTesting = "YES" buildForRunning = "YES" buildForProfiling = "YES" buildForArchiving = "YES" buildForAnalyzing = "YES">
        <BuildableReference
          BuildableIdentifier = "primary"
          BlueprintIdentifier = "______Target_HMAC"
          BuildableName = "libHMAC.dylib"
          BlueprintName = "HMAC"
          ReferencedContainer = "container:VaporApp.xcodeproj">
        </BuildableReference>
      </BuildActionEntry>
      <BuildActionEntry buildForTesting = "YES" buildForRunning = "YES" buildForProfiling = "YES" buildForArchiving = "YES" buildForAnalyzing = "YES">
        <BuildableReference
          BuildableIdentifier = "primary"
          BlueprintIdentifier = "______Target_SHA2"
          BuildableName = "libSHA2.dylib"
          BlueprintName = "SHA2"
          ReferencedContainer = "container:VaporApp.xcodeproj">
        </BuildableReference>
      </BuildActionEntry>
      <BuildActionEntry buildForTesting = "YES" buildForRunning = "YES" buildForProfiling = "YES" buildForArchiving = "YES" buildForAnalyzing = "YES">
        <BuildableReference
          BuildableIdentifier = "primary"
          BlueprintIdentifier = "______Target_MediaType"
          BuildableName = "libMediaType.dylib"
          BlueprintName = "MediaType"
          ReferencedContainer = "container:VaporApp.xcodeproj">
        </BuildableReference>
      </BuildActionEntry>
      <BuildActionEntry buildForTesting = "YES" buildForRunning = "YES" buildForProfiling = "YES" buildForArchiving = "YES" buildForAnalyzing = "YES">
        <BuildableReference
          BuildableIdentifier = "primary"
          BlueprintIdentifier = "______Target_libc"
          BuildableName = "liblibc.dylib"
          BlueprintName = "libc"
          ReferencedContainer = "container:VaporApp.xcodeproj">
        </BuildableReference>
      </BuildActionEntry>
      <BuildActionEntry buildForTesting = "YES" buildForRunning = "YES" buildForProfiling = "YES" buildForArchiving = "YES" buildForAnalyzing = "YES">
        <BuildableReference
          BuildableIdentifier = "primary"
          BlueprintIdentifier = "______Target_Fluent"
          BuildableName = "libFluent.dylib"
          BlueprintName = "Fluent"
          ReferencedContainer = "container:VaporApp.xcodeproj">
        </BuildableReference>
      </BuildActionEntry>
      <BuildActionEntry buildForTesting = "YES" buildForRunning = "YES" buildForProfiling = "YES" buildForArchiving = "YES" buildForAnalyzing = "YES">
        <BuildableReference
          BuildableIdentifier = "primary"
          BlueprintIdentifier = "______Target_Vapor"
          BuildableName = "libVapor.dylib"
          BlueprintName = "Vapor"
          ReferencedContainer = "container:VaporApp.xcodeproj">
        </BuildableReference>
      </BuildActionEntry>
      <BuildActionEntry buildForTesting = "YES" buildForRunning = "YES" buildForProfiling = "YES" buildForArchiving = "YES" buildForAnalyzing = "YES">
        <BuildableReference
          BuildableIdentifier = "primary"
          BlueprintIdentifier = "______Target_MD5"
          BuildableName = "libMD5.dylib"
          BlueprintName = "MD5"
          ReferencedContainer = "container:VaporApp.xcodeproj">
        </BuildableReference>
      </BuildActionEntry>
      <BuildActionEntry buildForTesting = "YES" buildForRunning = "YES" buildForProfiling = "YES" buildForArchiving = "YES" buildForAnalyzing = "YES">
        <BuildableReference
          BuildableIdentifier = "primary"
          BlueprintIdentifier = "______Target_PBKDF2"
          BuildableName = "libPBKDF2.dylib"
          BlueprintName = "PBKDF2"
          ReferencedContainer = "container:VaporApp.xcodeproj">
        </BuildableReference>
      </BuildActionEntry>
      <BuildActionEntry buildForTesting = "YES" buildForRunning = "YES" buildForProfiling = "YES" buildForArchiving = "YES" buildForAnalyzing = "YES">
        <BuildableReference
          BuildableIdentifier = "primary"
          BlueprintIdentifier = "______Target_SCRAM"
          BuildableName = "libSCRAM.dylib"
          BlueprintName = "SCRAM"
          ReferencedContainer = "container:VaporApp.xcodeproj">
        </BuildableReference>
      </BuildActionEntry>
      <BuildActionEntry buildForTesting = "YES" buildForRunning = "YES" buildForProfiling = "YES" buildForArchiving = "YES" buildForAnalyzing = "YES">
        <BuildableReference
          BuildableIdentifier = "primary"
          BlueprintIdentifier = "______Target_BSON"
          BuildableName = "libBSON.dylib"
          BlueprintName = "BSON"
          ReferencedContainer = "container:VaporApp.xcodeproj">
        </BuildableReference>
      </BuildActionEntry>
      <BuildActionEntry buildForTesting = "YES" buildForRunning = "YES" buildForProfiling = "YES" buildForArchiving = "YES" buildForAnalyzing = "YES">
        <BuildableReference
          BuildableIdentifier = "primary"
          BlueprintIdentifier = "______Target_SHA1"
          BuildableName = "libSHA1.dylib"
          BlueprintName = "SHA1"
          ReferencedContainer = "container:VaporApp.xcodeproj">
        </BuildableReference>
      </BuildActionEntry>
      <BuildActionEntry buildForTesting = "YES" buildForRunning = "YES" buildForProfiling = "YES" buildForArchiving = "YES" buildForAnalyzing = "YES">
        <BuildableReference
          BuildableIdentifier = "primary"
          BlueprintIdentifier = "______Target_MongoKitten"
          BuildableName = "libMongoKitten.dylib"
          BlueprintName = "MongoKitten"
          ReferencedContainer = "container:VaporApp.xcodeproj">
        </BuildableReference>
      </BuildActionEntry>
      <BuildActionEntry buildForTesting = "YES" buildForRunning = "YES" buildForProfiling = "YES" buildForArchiving = "YES" buildForAnalyzing = "YES">
        <BuildableReference
          BuildableIdentifier = "primary"
          BlueprintIdentifier = "______Target_App"
          BuildableName = "App"
          BlueprintName = "App"
          ReferencedContainer = "container:VaporApp.xcodeproj">
        </BuildableReference>
      </BuildActionEntry>
    </BuildActionEntries>
  </BuildAction>
  <TestAction
    buildConfiguration = "Debug"
    selectedDebuggerIdentifier = "Xcode.DebuggerFoundation.Debugger.LLDB"
    selectedLauncherIdentifier = "Xcode.DebuggerFoundation.Launcher.LLDB"
    shouldUseLaunchSchemeArgsEnv = "YES">
    <Testables>
    </Testables>
  </TestAction>
</Scheme>
